
Microsoft Visual Studio Solution File, Format Version 12.00
# Visual Studio Version 17
VisualStudioVersion = 17.14.36327.8 d17.14
MinimumVisualStudioVersion = 10.0.40219.1
Project("{FAE04EC0-301F-11D3-BF4B-00C04F79EFBC}") = "BepinexInstaller", "BepinexInstaller\BepinexInstaller.csproj", "{6202D419-E911-4757-9FB4-71FB48FC880D}"
EndProject
Global
	GlobalSection(SolutionConfigurationPlatforms) = preSolution
		Debug|Any CPU = Debug|Any CPU
		Release|Any CPU = Release|Any CPU
	EndGlobalSection
	GlobalSection(ProjectConfigurationPlatforms) = postSolution
		{6202D419-E911-4757-9FB4-71FB48FC880D}.Debug|Any CPU.ActiveCfg = Debug|Any CPU
		{6202D419-E911-4757-9FB4-71FB48FC880D}.Debug|Any CPU.Build.0 = Debug|Any CPU
		{6202D419-E911-4757-9FB4-71FB48FC880D}.Release|Any CPU.ActiveCfg = Release|Any CPU
		{6202D419-E911-4757-9FB4-71FB48FC880D}.Release|Any CPU.Build.0 = Release|Any CPU
	EndGlobalSection
	GlobalSection(SolutionProperties) = preSolution
		HideSolutionNode = FALSE
	EndGlobalSection
	GlobalSection(ExtensibilityGlobals) = postSolution
		SolutionGuid = {B4977F77-B4FA-4FDE-AE4B-69B7911BBC20}
	EndGlobalSection
EndGlobal
